// !$*UTF8*$!
{
	archiveVersion = 1;
	classes = {
	};
	objectVersion = 46;
	objects = {

/* Begin PBXBuildFile section */
		D65C64BF1BB6CF5C005A0D4E /* main.cpp in Sources */ = {isa = PBXBuildFile; fileRef = D65C64BE1BB6CF5C005A0D4E /* main.cpp */; };
/* End PBXBuildFile section */

/* Begin PBXCopyFilesBuildPhase section */
		D65C64B91BB6CF5C005A0D4E /* CopyFiles */ = {
			isa = PBXCopyFilesBuildPhase;
			buildActionMask = 2147483647;
			dstPath = /usr/share/man/man1/;
			dstSubfolderSpec = 0;
			files = (
			);
			runOnlyForDeploymentPostprocessing = 1;
		};
/* End PBXCopyFilesBuildPhase section */

/* Begin PBXFileReference section */
		D65C64BB1BB6CF5C005A0D4E /* RobelCpp */ = {isa = PBXFileReference; explicitFileType = "compiled.mach-o.executable"; includeInIndex = 0; path = RobelCpp; sourceTree = BUILT_PRODUCTS_DIR; };
		D65C64BE1BB6CF5C005A0D4E /* main.cpp */ = {isa = PBXFileReference; lastKnownFileType = sourcecode.cpp.cpp; path = main.cpp; sourceTree = "<group>"; };
/* End PBXFileReference section */

/* Begin PBXFrameworksBuildPhase section */
		D65C64B81BB6CF5C005A0D4E /* Frameworks */ = {
			isa = PBXFrameworksBuildPhase;
			buildActionMask = 2147483647;
			files = (
			);
			runOnlyForDeploymentPostprocessing = 0;
		};
/* End PBXFrameworksBuildPhase section */

/* Begin PBXGroup section */
		D65C64B21BB6CF5C005A0D4E = {
			isa = PBXGroup;
			children = (
				D65C64BD1BB6CF5C005A0D4E /* RobelCpp */,
				D65C64BC1BB6CF5C005A0D4E /* Products */,
			);
			sourceTree = "<group>";
		};
		D65C64BC1BB6CF5C005A0D4E /* Products */ = {
			isa = PBXGroup;
			children = (
				D65C64BB1BB6CF5C005A0D4E /* RobelCpp */,
			);
			name = Products;
			sourceTree = "<group>";
		};
		D65C64BD1BB6CF5C005A0D4E /* RobelCpp */ = {
			isa = PBXGroup;
			children = (
				D65C64BE1BB6CF5C005A0D4E /* main.cpp */,
			);
			path = RobelCpp;
			sourceTree = "<group>";
		};
/* End PBXGroup section */

/* Begin PBXNativeTarget section */
		D65C64BA1BB6CF5C005A0D4E /* RobelCpp */ = {
			isa = PBXNativeTarget;
			buildConfigurationList = D65C64C21BB6CF5C005A0D4E /* Build configuration list for PBXNativeTarget "RobelCpp" */;
			buildPhases = (
				D65C64B71BB6CF5C005A0D4E /* Sources */,
				D65C64B81BB6CF5C005A0D4E /* Frameworks */,
				D65C64B91BB6CF5C005A0D4E /* CopyFiles */,
			);
			buildRules = (
			);
			dependencies = (
			);
			name = RobelCpp;
			productName = RobelCpp;
			productReference = D65C64BB1BB6CF5C005A0D4E /* RobelCpp */;
			productType = "com.apple.product-type.tool";
		};
/* End PBXNativeTarget section */

/* Begin PBXProject section */
		D65C64B31BB6CF5C005A0D4E /* Project object */ = {
			isa = PBXProject;
			attributes = {
				LastUpgradeCheck = 0700;
				ORGANIZATIONNAME = "木下 英樹";
				TargetAttributes = {
					D65C64BA1BB6CF5C005A0D4E = {
						CreatedOnToolsVersion = 7.0;
					};
				};
			};
			buildConfigurationList = D65C64B61BB6CF5C005A0D4E /* Build configuration list for PBXProject "RobelCpp" */;
			compatibilityVersion = "Xcode 3.2";
			developmentRegion = English;
			hasScannedForEncodings = 0;
			knownRegions = (
				en,
			);
			mainGroup = D65C64B21BB6CF5C005A0D4E;
			productRefGroup = D65C64BC1BB6CF5C005A0D4E /* Products */;
			projectDirPath = "";
			projectRoot = "";
			targets = (
				D65C64BA1BB6CF5C005A0D4E /* RobelCpp */,
			);
		};
/* End PBXProject section */

/* Begin PBXSourcesBuildPhase section */
		D65C64B71BB6CF5C005A0D4E /* Sources */ = {
			isa = PBXSourcesBuildPhase;
			buildActionMask = 2147483647;
			files = (
				D65C64BF1BB6CF5C005A0D4E /* main.cpp in Sources */,
			);
			runOnlyForDeploymentPostprocessing = 0;
		};
/* End PBXSourcesBuildPhase section */

/* Begin XCBuildConfiguration section */
		D65C64C01BB6CF5C005A0D4E /* Debug */ = {
			isa = XCBuildConfiguration;
			buildSettings = {
				ALWAYS_SEARCH_USER_PATHS = NO;
				CLANG_CXX_LANGUAGE_STANDARD = "gnu++0x";
				CLANG_CXX_LIBRARY = "libc++";
				CLANG_ENABLE_MODULES = YES;
				CLANG_ENABLE_OBJC_ARC = YES;
				CLANG_WARN_BOOL_CONVERSION = YES;
				CLANG_WARN_CONSTANT_CONVERSION = YES;
				CLANG_WARN_DIRECT_OBJC_ISA_USAGE = YES_ERROR;
				CLANG_WARN_EMPTY_BODY = YES;
				CLANG_WARN_ENUM_CONVERSION = YES;
				CLANG_WARN_INT_CONVERSION = YES;
				CLANG_WARN_OBJC_ROOT_CLASS = YES_ERROR;
				CLANG_WARN_UNREACHABLE_CODE = YES;
				CLANG_WARN__DUPLICATE_METHOD_MATCH = YES;
				COPY_PHASE_STRIP = NO;
				DEBUG_INFORMATION_FORMAT = dwarf;
				ENABLE_STRICT_OBJC_MSGSEND = YES;
				ENABLE_TESTABILITY = YES;
				GCC_C_LANGUAGE_STANDARD = gnu99;
				GCC_DYNAMIC_NO_PIC = NO;
				GCC_NO_COMMON_BLOCKS = YES;
				GCC_OPTIMIZATION_LEVEL = 0;
				GCC_PREPROCESSOR_DEFINITIONS = (
					"DEBUG=1",
					"$(inherited)",
				);
				GCC_WARN_64_TO_32_BIT_CONVERSION = YES;
				GCC_WARN_ABOUT_RETURN_TYPE = YES_ERROR;
				GCC_WARN_UNDECLARED_SELECTOR = YES;
				GCC_WARN_UNINITIALIZED_AUTOS = YES_AGGRESSIVE;
				GCC_WARN_UNUSED_FUNCTION = YES;
				GCC_WARN_UNUSED_VARIABLE = YES;
				MACOSX_DEPLOYMENT_TARGET = 10.10;
				MTL_ENABLE_DEBUG_INFO = YES;
				ONLY_ACTIVE_ARCH = YES;
				SDKROOT = macosx;
			};
			name = Debug;
		};
		D65C64C11BB6CF5C005A0D4E /* Release */ = {
			isa = XCBuildConfiguration;
			buildSettings = {
				ALWAYS_SEARCH_USER_PATHS = NO;
				CLANG_CXX_LANGUAGE_STANDARD = "gnu++0x";
				CLANG_CXX_LIBRARY = "libc++";
				CLANG_ENABLE_MODULES = YES;
				CLANG_ENABLE_OBJC_ARC = YES;
				CLANG_WARN_BOOL_CONVERSION = YES;
				CLANG_WARN_CONSTANT_CONVERSION = YES;
				CLANG_WARN_DIRECT_OBJC_ISA_USAGE = YES_ERROR;
				CLANG_WARN_EMPTY_BODY = YES;
				CLANG_WARN_ENUM_CONVERSION = YES;
				CLANG_WARN_INT_CONVERSION = YES;
				CLANG_WARN_OBJC_ROOT_CLASS = YES_ERROR;
				CLANG_WARN_UNREACHABLE_CODE = YES;
				CLANG_WARN__DUPLICATE_METHOD_MATCH = YES;
				COPY_PHASE_STRIP = NO;
				DEBUG_INFORMATION_FORMAT = "dwarf-with-dsym";
				ENABLE_NS_ASSERTIONS = NO;
				ENABLE_STRICT_OBJC_MSGSEND = YES;
				GCC_C_LANGUAGE_STANDARD = gnu99;
				GCC_NO_COMMON_BLOCKS = YES;
				GCC_WARN_64_TO_32_BIT_CONVERSION = YES;
				GCC_WARN_ABOUT_RETURN_TYPE = YES_ERROR;
				GCC_WARN_UNDECLARED_SELECTOR = YES;
				GCC_WARN_UNINITIALIZED_AUTOS = YES_AGGRESSIVE;
				GCC_WARN_UNUSED_FUNCTION = YES;
				GCC_WARN_UNUSED_VARIABLE = YES;
				MACOSX_DEPLOYMENT_TARGET = 10.10;
				MTL_ENABLE_DEBUG_INFO = NO;
				SDKROOT = macosx;
			};
			name = Release;
		};
		D65C64C31BB6CF5C005A0D4E /* Debug */ = {
			isa = XCBuildConfiguration;
			buildSettings = {
				PRODUCT_NAME = "$(TARGET_NAME)";
			};
			name = Debug;
		};
		D65C64C41BB6CF5C005A0D4E /* Release */ = {
			isa = XCBuildConfiguration;
			buildSettings = {
				PRODUCT_NAME = "$(TARGET_NAME)";
			};
			name = Release;
		};
/* End XCBuildConfiguration section */

/* Begin XCConfigurationList section */
		D65C64B61BB6CF5C005A0D4E /* Build configuration list for PBXProject "RobelCpp" */ = {
			isa = XCConfigurationList;
			buildConfigurations = (
				D65C64C01BB6CF5C005A0D4E /* Debug */,
				D65C64C11BB6CF5C005A0D4E /* Release */,
			);
			defaultConfigurationIsVisible = 0;
			defaultConfigurationName = Release;
		};
		D65C64C21BB6CF5C005A0D4E /* Build configuration list for PBXNativeTarget "RobelCpp" */ = {
			isa = XCConfigurationList;
			buildConfigurations = (
				D65C64C31BB6CF5C005A0D4E /* Debug */,
				D65C64C41BB6CF5C005A0D4E /* Release */,
			);
			defaultConfigurationIsVisible = 0;
		};
/* End XCConfigurationList section */
	};
	rootObject = D65C64B31BB6CF5C005A0D4E /* Project object */;
}
