// !$*UTF8*$!
{
	archiveVersion = 1;
	classes = {
	};
	objectVersion = 46;
	objects = {

/* Begin PBXBuildFile section */
		D65C66431BB76FEB005A0D4E /* Func1.cpp in Sources */ = {isa = PBXBuildFile; fileRef = D65C66421BB76FEB005A0D4E /* Func1.cpp */; settings = {ASSET_TAGS = (); }; };
		D65C66461BB770F3005A0D4E /* Input1.cpp in Sources */ = {isa = PBXBuildFile; fileRef = D65C66451BB770F3005A0D4E /* Input1.cpp */; settings = {ASSET_TAGS = (); }; };
/* End PBXBuildFile section */

/* Begin PBXCopyFilesBuildPhase section */
		D65C64B91BB6CF5C005A0D4E /* CopyFiles */ = {
			isa = PBXCopyFilesBuildPhase;
			buildActionMask = 2147483647;
			dstPath = /usr/share/man/man1/;
			dstSubfolderSpec = 0;
			files = (
			);
			runOnlyForDeploymentPostprocessing = 1;
		};
/* End PBXCopyFilesBuildPhase section */

/* Begin PBXFileReference section */
		D65C64BB1BB6CF5C005A0D4E /* RobelCpp */ = {isa = PBXFileReference; explicitFileType = "compiled.mach-o.executable"; includeInIndex = 0; path = RobelCpp; sourceTree = BUILT_PRODUCTS_DIR; };
		D65C66251BB6E379005A0D4E /* history.html */ = {isa = PBXFileReference; fileEncoding = 4; lastKnownFileType = text.html; name = history.html; path = "99-99_Docments/history.html"; sourceTree = "<group>"; };
		D65C66261BB6E379005A0D4E /* html01 */ = {isa = PBXFileReference; lastKnownFileType = folder; name = html01; path = "99-99_Docments/html01"; sourceTree = "<group>"; };
		D65C66271BB6E379005A0D4E /* html02 */ = {isa = PBXFileReference; lastKnownFileType = folder; name = html02; path = "99-99_Docments/html02"; sourceTree = "<group>"; };
		D65C66281BB6E379005A0D4E /* html03 */ = {isa = PBXFileReference; lastKnownFileType = folder; name = html03; path = "99-99_Docments/html03"; sourceTree = "<group>"; };
		D65C66291BB6E379005A0D4E /* html04 */ = {isa = PBXFileReference; lastKnownFileType = folder; name = html04; path = "99-99_Docments/html04"; sourceTree = "<group>"; };
		D65C662A1BB6E379005A0D4E /* htmlword */ = {isa = PBXFileReference; lastKnownFileType = folder; name = htmlword; path = "99-99_Docments/htmlword"; sourceTree = "<group>"; };
		D65C662B1BB6E379005A0D4E /* index.html */ = {isa = PBXFileReference; fileEncoding = 4; lastKnownFileType = text.html; name = index.html; path = "99-99_Docments/index.html"; sourceTree = "<group>"; };
		D65C662C1BB6E379005A0D4E /* mainmenu.html */ = {isa = PBXFileReference; fileEncoding = 4; lastKnownFileType = text.html; name = mainmenu.html; path = "99-99_Docments/mainmenu.html"; sourceTree = "<group>"; };
		D65C662D1BB6E379005A0D4E /* menu00.html */ = {isa = PBXFileReference; fileEncoding = 4; lastKnownFileType = text.html; name = menu00.html; path = "99-99_Docments/menu00.html"; sourceTree = "<group>"; };
		D65C662E1BB6E379005A0D4E /* new.gif */ = {isa = PBXFileReference; lastKnownFileType = image.gif; name = new.gif; path = "99-99_Docments/new.gif"; sourceTree = "<group>"; };
		D65C662F1BB6E379005A0D4E /* ref.html */ = {isa = PBXFileReference; fileEncoding = 4; lastKnownFileType = text.html; name = ref.html; path = "99-99_Docments/ref.html"; sourceTree = "<group>"; };
		D65C66301BB6E379005A0D4E /* submenu.html */ = {isa = PBXFileReference; fileEncoding = 4; lastKnownFileType = text.html; name = submenu.html; path = "99-99_Docments/submenu.html"; sourceTree = "<group>"; };
		D65C66311BB6E379005A0D4E /* wordsdef.html */ = {isa = PBXFileReference; fileEncoding = 4; lastKnownFileType = text.html; name = wordsdef.html; path = "99-99_Docments/wordsdef.html"; sourceTree = "<group>"; };
		D65C66421BB76FEB005A0D4E /* Func1.cpp */ = {isa = PBXFileReference; fileEncoding = 4; lastKnownFileType = sourcecode.cpp.cpp; name = Func1.cpp; path = "02-03_Func1/Func1.cpp"; sourceTree = "<group>"; };
		D65C66451BB770F3005A0D4E /* Input1.cpp */ = {isa = PBXFileReference; fileEncoding = 4; lastKnownFileType = sourcecode.cpp.cpp; name = Input1.cpp; path = "02-06_Input1/Input1.cpp"; sourceTree = "<group>"; };
/* End PBXFileReference section */

/* Begin PBXFrameworksBuildPhase section */
		D65C64B81BB6CF5C005A0D4E /* Frameworks */ = {
			isa = PBXFrameworksBuildPhase;
			buildActionMask = 2147483647;
			files = (
			);
			runOnlyForDeploymentPostprocessing = 0;
		};
/* End PBXFrameworksBuildPhase section */

/* Begin PBXGroup section */
		D65C64B21BB6CF5C005A0D4E = {
			isa = PBXGroup;
			children = (
				D65C66441BB770AD005A0D4E /* 02-06_Input1 */,
				D65C64CD1BB6D533005A0D4E /* 02-01_Variable1 */,
				D65C64D21BB6D6AA005A0D4E /* 02-02_Variable2 */,
				D65C64D71BB6DB26005A0D4E /* 02-03_Func1 */,
				D65C64DA1BB6DCB4005A0D4E /* 02-04_Func1b */,
				D65C663A1BB75E9E005A0D4E /* 02-04_Func2 */,
				D65C663D1BB76E28005A0D4E /* 02-05_Variable4 */,
				D65C66361BB75A45005A0D4E /* 06-01_Class1b */,
				D65C64E41BB6E1B1005A0D4E /* 99-99_Docments */,
				D65C64BC1BB6CF5C005A0D4E /* Products */,
				D65C64BD1BB6CF5C005A0D4E /* RobelCpp */,
			);
			sourceTree = "<group>";
		};
		D65C64BC1BB6CF5C005A0D4E /* Products */ = {
			isa = PBXGroup;
			children = (
				D65C64BB1BB6CF5C005A0D4E /* RobelCpp */,
			);
			name = Products;
			sourceTree = "<group>";
		};
		D65C64BD1BB6CF5C005A0D4E /* RobelCpp */ = {
			isa = PBXGroup;
			children = (
			);
			path = RobelCpp;
			sourceTree = "<group>";
		};
		D65C64CD1BB6D533005A0D4E /* 02-01_Variable1 */ = {
			isa = PBXGroup;
			children = (
			);
			name = "02-01_Variable1";
			sourceTree = "<group>";
		};
		D65C64D21BB6D6AA005A0D4E /* 02-02_Variable2 */ = {
			isa = PBXGroup;
			children = (
			);
			name = "02-02_Variable2";
			sourceTree = "<group>";
		};
		D65C64D71BB6DB26005A0D4E /* 02-03_Func1 */ = {
			isa = PBXGroup;
			children = (
				D65C66421BB76FEB005A0D4E /* Func1.cpp */,
			);
			name = "02-03_Func1";
			sourceTree = "<group>";
		};
		D65C64DA1BB6DCB4005A0D4E /* 02-04_Func1b */ = {
			isa = PBXGroup;
			children = (
			);
			name = "02-04_Func1b";
			sourceTree = "<group>";
		};
		D65C64E41BB6E1B1005A0D4E /* 99-99_Docments */ = {
			isa = PBXGroup;
			children = (
				D65C66251BB6E379005A0D4E /* history.html */,
				D65C66261BB6E379005A0D4E /* html01 */,
				D65C66271BB6E379005A0D4E /* html02 */,
				D65C66281BB6E379005A0D4E /* html03 */,
				D65C66291BB6E379005A0D4E /* html04 */,
				D65C662A1BB6E379005A0D4E /* htmlword */,
				D65C662B1BB6E379005A0D4E /* index.html */,
				D65C662C1BB6E379005A0D4E /* mainmenu.html */,
				D65C662D1BB6E379005A0D4E /* menu00.html */,
				D65C662E1BB6E379005A0D4E /* new.gif */,
				D65C662F1BB6E379005A0D4E /* ref.html */,
				D65C66301BB6E379005A0D4E /* submenu.html */,
				D65C66311BB6E379005A0D4E /* wordsdef.html */,
			);
			name = "99-99_Docments";
			sourceTree = "<group>";
		};
		D65C66361BB75A45005A0D4E /* 06-01_Class1b */ = {
			isa = PBXGroup;
			children = (
			);
			name = "06-01_Class1b";
			sourceTree = "<group>";
		};
		D65C663A1BB75E9E005A0D4E /* 02-04_Func2 */ = {
			isa = PBXGroup;
			children = (
			);
			name = "02-04_Func2";
			sourceTree = "<group>";
		};
		D65C663D1BB76E28005A0D4E /* 02-05_Variable4 */ = {
			isa = PBXGroup;
			children = (
			);
			name = "02-05_Variable4";
			sourceTree = "<group>";
		};
		D65C66441BB770AD005A0D4E /* 02-06_Input1 */ = {
			isa = PBXGroup;
			children = (
				D65C66451BB770F3005A0D4E /* Input1.cpp */,
			);
			name = "02-06_Input1";
			sourceTree = "<group>";
		};
/* End PBXGroup section */

/* Begin PBXNativeTarget section */
		D65C64BA1BB6CF5C005A0D4E /* RobelCpp */ = {
			isa = PBXNativeTarget;
			buildConfigurationList = D65C64C21BB6CF5C005A0D4E /* Build configuration list for PBXNativeTarget "RobelCpp" */;
			buildPhases = (
				D65C64B71BB6CF5C005A0D4E /* Sources */,
				D65C64B81BB6CF5C005A0D4E /* Frameworks */,
				D65C64B91BB6CF5C005A0D4E /* CopyFiles */,
			);
			buildRules = (
			);
			dependencies = (
			);
			name = RobelCpp;
			productName = RobelCpp;
			productReference = D65C64BB1BB6CF5C005A0D4E /* RobelCpp */;
			productType = "com.apple.product-type.tool";
		};
/* End PBXNativeTarget section */

/* Begin PBXProject section */
		D65C64B31BB6CF5C005A0D4E /* Project object */ = {
			isa = PBXProject;
			attributes = {
				LastUpgradeCheck = 0700;
				ORGANIZATIONNAME = "木下 英樹";
				TargetAttributes = {
					D65C64BA1BB6CF5C005A0D4E = {
						CreatedOnToolsVersion = 7.0;
					};
				};
			};
			buildConfigurationList = D65C64B61BB6CF5C005A0D4E /* Build configuration list for PBXProject "RobelCpp" */;
			compatibilityVersion = "Xcode 3.2";
			developmentRegion = English;
			hasScannedForEncodings = 0;
			knownRegions = (
				en,
			);
			mainGroup = D65C64B21BB6CF5C005A0D4E;
			productRefGroup = D65C64BC1BB6CF5C005A0D4E /* Products */;
			projectDirPath = "";
			projectRoot = "";
			targets = (
				D65C64BA1BB6CF5C005A0D4E /* RobelCpp */,
			);
		};
/* End PBXProject section */

/* Begin PBXSourcesBuildPhase section */
		D65C64B71BB6CF5C005A0D4E /* Sources */ = {
			isa = PBXSourcesBuildPhase;
			buildActionMask = 2147483647;
			files = (
				D65C66461BB770F3005A0D4E /* Input1.cpp in Sources */,
				D65C66431BB76FEB005A0D4E /* Func1.cpp in Sources */,
			);
			runOnlyForDeploymentPostprocessing = 0;
		};
/* End PBXSourcesBuildPhase section */

/* Begin XCBuildConfiguration section */
		D65C64C01BB6CF5C005A0D4E /* Debug */ = {
			isa = XCBuildConfiguration;
			buildSettings = {
				ALWAYS_SEARCH_USER_PATHS = NO;
				CLANG_CXX_LANGUAGE_STANDARD = "gnu++0x";
				CLANG_CXX_LIBRARY = "libc++";
				CLANG_ENABLE_MODULES = YES;
				CLANG_ENABLE_OBJC_ARC = YES;
				CLANG_WARN_BOOL_CONVERSION = YES;
				CLANG_WARN_CONSTANT_CONVERSION = YES;
				CLANG_WARN_DIRECT_OBJC_ISA_USAGE = YES_ERROR;
				CLANG_WARN_EMPTY_BODY = YES;
				CLANG_WARN_ENUM_CONVERSION = YES;
				CLANG_WARN_INT_CONVERSION = YES;
				CLANG_WARN_OBJC_ROOT_CLASS = YES_ERROR;
				CLANG_WARN_UNREACHABLE_CODE = YES;
				CLANG_WARN__DUPLICATE_METHOD_MATCH = YES;
				COPY_PHASE_STRIP = NO;
				DEBUG_INFORMATION_FORMAT = dwarf;
				ENABLE_STRICT_OBJC_MSGSEND = YES;
				ENABLE_TESTABILITY = YES;
				GCC_C_LANGUAGE_STANDARD = gnu99;
				GCC_DYNAMIC_NO_PIC = NO;
				GCC_NO_COMMON_BLOCKS = YES;
				GCC_OPTIMIZATION_LEVEL = 0;
				GCC_PREPROCESSOR_DEFINITIONS = (
					"DEBUG=1",
					"$(inherited)",
				);
				GCC_WARN_64_TO_32_BIT_CONVERSION = YES;
				GCC_WARN_ABOUT_RETURN_TYPE = YES_ERROR;
				GCC_WARN_UNDECLARED_SELECTOR = YES;
				GCC_WARN_UNINITIALIZED_AUTOS = YES_AGGRESSIVE;
				GCC_WARN_UNUSED_FUNCTION = YES;
				GCC_WARN_UNUSED_VARIABLE = YES;
				MACOSX_DEPLOYMENT_TARGET = 10.10;
				MTL_ENABLE_DEBUG_INFO = YES;
				ONLY_ACTIVE_ARCH = YES;
				SDKROOT = macosx;
			};
			name = Debug;
		};
		D65C64C11BB6CF5C005A0D4E /* Release */ = {
			isa = XCBuildConfiguration;
			buildSettings = {
				ALWAYS_SEARCH_USER_PATHS = NO;
				CLANG_CXX_LANGUAGE_STANDARD = "gnu++0x";
				CLANG_CXX_LIBRARY = "libc++";
				CLANG_ENABLE_MODULES = YES;
				CLANG_ENABLE_OBJC_ARC = YES;
				CLANG_WARN_BOOL_CONVERSION = YES;
				CLANG_WARN_CONSTANT_CONVERSION = YES;
				CLANG_WARN_DIRECT_OBJC_ISA_USAGE = YES_ERROR;
				CLANG_WARN_EMPTY_BODY = YES;
				CLANG_WARN_ENUM_CONVERSION = YES;
				CLANG_WARN_INT_CONVERSION = YES;
				CLANG_WARN_OBJC_ROOT_CLASS = YES_ERROR;
				CLANG_WARN_UNREACHABLE_CODE = YES;
				CLANG_WARN__DUPLICATE_METHOD_MATCH = YES;
				COPY_PHASE_STRIP = NO;
				DEBUG_INFORMATION_FORMAT = "dwarf-with-dsym";
				ENABLE_NS_ASSERTIONS = NO;
				ENABLE_STRICT_OBJC_MSGSEND = YES;
				GCC_C_LANGUAGE_STANDARD = gnu99;
				GCC_NO_COMMON_BLOCKS = YES;
				GCC_WARN_64_TO_32_BIT_CONVERSION = YES;
				GCC_WARN_ABOUT_RETURN_TYPE = YES_ERROR;
				GCC_WARN_UNDECLARED_SELECTOR = YES;
				GCC_WARN_UNINITIALIZED_AUTOS = YES_AGGRESSIVE;
				GCC_WARN_UNUSED_FUNCTION = YES;
				GCC_WARN_UNUSED_VARIABLE = YES;
				MACOSX_DEPLOYMENT_TARGET = 10.10;
				MTL_ENABLE_DEBUG_INFO = NO;
				SDKROOT = macosx;
			};
			name = Release;
		};
		D65C64C31BB6CF5C005A0D4E /* Debug */ = {
			isa = XCBuildConfiguration;
			buildSettings = {
				PRODUCT_NAME = "$(TARGET_NAME)";
			};
			name = Debug;
		};
		D65C64C41BB6CF5C005A0D4E /* Release */ = {
			isa = XCBuildConfiguration;
			buildSettings = {
				PRODUCT_NAME = "$(TARGET_NAME)";
			};
			name = Release;
		};
/* End XCBuildConfiguration section */

/* Begin XCConfigurationList section */
		D65C64B61BB6CF5C005A0D4E /* Build configuration list for PBXProject "RobelCpp" */ = {
			isa = XCConfigurationList;
			buildConfigurations = (
				D65C64C01BB6CF5C005A0D4E /* Debug */,
				D65C64C11BB6CF5C005A0D4E /* Release */,
			);
			defaultConfigurationIsVisible = 0;
			defaultConfigurationName = Release;
		};
		D65C64C21BB6CF5C005A0D4E /* Build configuration list for PBXNativeTarget "RobelCpp" */ = {
			isa = XCConfigurationList;
			buildConfigurations = (
				D65C64C31BB6CF5C005A0D4E /* Debug */,
				D65C64C41BB6CF5C005A0D4E /* Release */,
			);
			defaultConfigurationIsVisible = 0;
			defaultConfigurationName = Release;
		};
/* End XCConfigurationList section */
	};
	rootObject = D65C64B31BB6CF5C005A0D4E /* Project object */;
}
